
Microsoft Visual Studio Solution File, Format Version 12.00
# Visual Studio 14
VisualStudioVersion = 14.0.25420.1
MinimumVisualStudioVersion = 10.0.40219.1
Project("{FAE04EC0-301F-11D3-BF4B-00C04F79EFBC}") = "XamTestAPP", "XamTestAPP\XamTestAPP\XamTestAPP.csproj", "{1904B611-3FA6-4B20-BF0E-2773C11B047F}"
EndProject
Project("{FAE04EC0-301F-11D3-BF4B-00C04F79EFBC}") = "XamTestAPP.Droid", "XamTestAPP\XamTestAPP.Droid\XamTestAPP.Droid.csproj", "{1F24A37A-78D8-428A-8274-9A9412625ACA}"
EndProject
Project("{FAE04EC0-301F-11D3-BF4B-00C04F79EFBC}") = "XamTestAPP.iOS", "XamTestAPP\XamTestAPP.iOS\XamTestAPP.iOS.csproj", "{FC0EE4BE-49FA-436E-A69E-E4204A132A88}"
EndProject
Project("{FAE04EC0-301F-11D3-BF4B-00C04F79EFBC}") = "XamTestAPP.WinPhone", "XamTestAPP\XamTestAPP.WinPhone\XamTestAPP.WinPhone.csproj", "{B560E4D6-62E9-4DD5-8B34-AFE40D82AA05}"
EndProject
Project("{FAE04EC0-301F-11D3-BF4B-00C04F79EFBC}") = "XamTestAPP.UWP", "XamTestAPP\XamTestAPP.UWP\XamTestAPP.UWP.csproj", "{EC09C058-F30C-4820-B142-483049AE2C05}"
EndProject
Project("{FAE04EC0-301F-11D3-BF4B-00C04F79EFBC}") = "XamTestAPP.Windows", "XamTestAPP\XamTestAPP.Windows\XamTestAPP.Windows.csproj", "{4160E996-47FB-4B83-92A5-CC6939A61170}"
EndProject
Project("{FAE04EC0-301F-11D3-BF4B-00C04F79EFBC}") = "XamTestAPP.UITests", "XamTestAPP.UITests\XamTestAPP.UITests.csproj", "{7D4C6081-73A0-48C1-B923-CC9596102DE0}"
EndProject
Global
	GlobalSection(SolutionConfigurationPlatforms) = preSolution
		Ad-Hoc|Any CPU = Ad-Hoc|Any CPU
		Ad-Hoc|ARM = Ad-Hoc|ARM
		Ad-Hoc|iPhone = Ad-Hoc|iPhone
		Ad-Hoc|iPhoneSimulator = Ad-Hoc|iPhoneSimulator
		Ad-Hoc|x64 = Ad-Hoc|x64
		Ad-Hoc|x86 = Ad-Hoc|x86
		AppStore|Any CPU = AppStore|Any CPU
		AppStore|ARM = AppStore|ARM
		AppStore|iPhone = AppStore|iPhone
		AppStore|iPhoneSimulator = AppStore|iPhoneSimulator
		AppStore|x64 = AppStore|x64
		AppStore|x86 = AppStore|x86
		Debug|Any CPU = Debug|Any CPU
		Debug|ARM = Debug|ARM
		Debug|iPhone = Debug|iPhone
		Debug|iPhoneSimulator = Debug|iPhoneSimulator
		Debug|x64 = Debug|x64
		Debug|x86 = Debug|x86
		Release|Any CPU = Release|Any CPU
		Release|ARM = Release|ARM
		Release|iPhone = Release|iPhone
		Release|iPhoneSimulator = Release|iPhoneSimulator
		Release|x64 = Release|x64
		Release|x86 = Release|x86
	EndGlobalSection
	GlobalSection(ProjectConfigurationPlatforms) = postSolution
		{1904B611-3FA6-4B20-BF0E-2773C11B047F}.Ad-Hoc|Any CPU.ActiveCfg = Release|Any CPU
		{1904B611-3FA6-4B20-BF0E-2773C11B047F}.Ad-Hoc|Any CPU.Build.0 = Release|Any CPU
		{1904B611-3FA6-4B20-BF0E-2773C11B047F}.Ad-Hoc|ARM.ActiveCfg = Release|Any CPU
		{1904B611-3FA6-4B20-BF0E-2773C11B047F}.Ad-Hoc|ARM.Build.0 = Release|Any CPU
		{1904B611-3FA6-4B20-BF0E-2773C11B047F}.Ad-Hoc|iPhone.ActiveCfg = Release|Any CPU
		{1904B611-3FA6-4B20-BF0E-2773C11B047F}.Ad-Hoc|iPhone.Build.0 = Release|Any CPU
		{1904B611-3FA6-4B20-BF0E-2773C11B047F}.Ad-Hoc|iPhoneSimulator.ActiveCfg = Release|Any CPU
		{1904B611-3FA6-4B20-BF0E-2773C11B047F}.Ad-Hoc|iPhoneSimulator.Build.0 = Release|Any CPU
		{1904B611-3FA6-4B20-BF0E-2773C11B047F}.Ad-Hoc|x64.ActiveCfg = Release|Any CPU
		{1904B611-3FA6-4B20-BF0E-2773C11B047F}.Ad-Hoc|x64.Build.0 = Release|Any CPU
		{1904B611-3FA6-4B20-BF0E-2773C11B047F}.Ad-Hoc|x86.ActiveCfg = Release|Any CPU
		{1904B611-3FA6-4B20-BF0E-2773C11B047F}.Ad-Hoc|x86.Build.0 = Release|Any CPU
		{1904B611-3FA6-4B20-BF0E-2773C11B047F}.AppStore|Any CPU.ActiveCfg = Release|Any CPU
		{1904B611-3FA6-4B20-BF0E-2773C11B047F}.AppStore|Any CPU.Build.0 = Release|Any CPU
		{1904B611-3FA6-4B20-BF0E-2773C11B047F}.AppStore|ARM.ActiveCfg = Release|Any CPU
		{1904B611-3FA6-4B20-BF0E-2773C11B047F}.AppStore|ARM.Build.0 = Release|Any CPU
		{1904B611-3FA6-4B20-BF0E-2773C11B047F}.AppStore|iPhone.ActiveCfg = Release|Any CPU
		{1904B611-3FA6-4B20-BF0E-2773C11B047F}.AppStore|iPhone.Build.0 = Release|Any CPU
		{1904B611-3FA6-4B20-BF0E-2773C11B047F}.AppStore|iPhoneSimulator.ActiveCfg = Release|Any CPU
		{1904B611-3FA6-4B20-BF0E-2773C11B047F}.AppStore|iPhoneSimulator.Build.0 = Release|Any CPU
		{1904B611-3FA6-4B20-BF0E-2773C11B047F}.AppStore|x64.ActiveCfg = Release|Any CPU
		{1904B611-3FA6-4B20-BF0E-2773C11B047F}.AppStore|x64.Build.0 = Release|Any CPU
		{1904B611-3FA6-4B20-BF0E-2773C11B047F}.AppStore|x86.ActiveCfg = Release|Any CPU
		{1904B611-3FA6-4B20-BF0E-2773C11B047F}.AppStore|x86.Build.0 = Release|Any CPU
		{1904B611-3FA6-4B20-BF0E-2773C11B047F}.Debug|Any CPU.ActiveCfg = Debug|Any CPU
		{1904B611-3FA6-4B20-BF0E-2773C11B047F}.Debug|Any CPU.Build.0 = Debug|Any CPU
		{1904B611-3FA6-4B20-BF0E-2773C11B047F}.Debug|ARM.ActiveCfg = Debug|Any CPU
		{1904B611-3FA6-4B20-BF0E-2773C11B047F}.Debug|ARM.Build.0 = Debug|Any CPU
		{1904B611-3FA6-4B20-BF0E-2773C11B047F}.Debug|iPhone.ActiveCfg = Debug|Any CPU
		{1904B611-3FA6-4B20-BF0E-2773C11B047F}.Debug|iPhone.Build.0 = Debug|Any CPU
		{1904B611-3FA6-4B20-BF0E-2773C11B047F}.Debug|iPhoneSimulator.ActiveCfg = Debug|Any CPU
		{1904B611-3FA6-4B20-BF0E-2773C11B047F}.Debug|iPhoneSimulator.Build.0 = Debug|Any CPU
		{1904B611-3FA6-4B20-BF0E-2773C11B047F}.Debug|x64.ActiveCfg = Debug|Any CPU
		{1904B611-3FA6-4B20-BF0E-2773C11B047F}.Debug|x64.Build.0 = Debug|Any CPU
		{1904B611-3FA6-4B20-BF0E-2773C11B047F}.Debug|x86.ActiveCfg = Debug|Any CPU
		{1904B611-3FA6-4B20-BF0E-2773C11B047F}.Debug|x86.Build.0 = Debug|Any CPU
		{1904B611-3FA6-4B20-BF0E-2773C11B047F}.Release|Any CPU.ActiveCfg = Release|Any CPU
		{1904B611-3FA6-4B20-BF0E-2773C11B047F}.Release|Any CPU.Build.0 = Release|Any CPU
		{1904B611-3FA6-4B20-BF0E-2773C11B047F}.Release|ARM.ActiveCfg = Release|Any CPU
		{1904B611-3FA6-4B20-BF0E-2773C11B047F}.Release|ARM.Build.0 = Release|Any CPU
		{1904B611-3FA6-4B20-BF0E-2773C11B047F}.Release|iPhone.ActiveCfg = Release|Any CPU
		{1904B611-3FA6-4B20-BF0E-2773C11B047F}.Release|iPhone.Build.0 = Release|Any CPU
		{1904B611-3FA6-4B20-BF0E-2773C11B047F}.Release|iPhoneSimulator.ActiveCfg = Release|Any CPU
		{1904B611-3FA6-4B20-BF0E-2773C11B047F}.Release|iPhoneSimulator.Build.0 = Release|Any CPU
		{1904B611-3FA6-4B20-BF0E-2773C11B047F}.Release|x64.ActiveCfg = Release|Any CPU
		{1904B611-3FA6-4B20-BF0E-2773C11B047F}.Release|x64.Build.0 = Release|Any CPU
		{1904B611-3FA6-4B20-BF0E-2773C11B047F}.Release|x86.ActiveCfg = Release|Any CPU
		{1904B611-3FA6-4B20-BF0E-2773C11B047F}.Release|x86.Build.0 = Release|Any CPU
		{1F24A37A-78D8-428A-8274-9A9412625ACA}.Ad-Hoc|Any CPU.ActiveCfg = Release|Any CPU
		{1F24A37A-78D8-428A-8274-9A9412625ACA}.Ad-Hoc|Any CPU.Build.0 = Release|Any CPU
		{1F24A37A-78D8-428A-8274-9A9412625ACA}.Ad-Hoc|Any CPU.Deploy.0 = Release|Any CPU
		{1F24A37A-78D8-428A-8274-9A9412625ACA}.Ad-Hoc|ARM.ActiveCfg = Release|Any CPU
		{1F24A37A-78D8-428A-8274-9A9412625ACA}.Ad-Hoc|ARM.Build.0 = Release|Any CPU
		{1F24A37A-78D8-428A-8274-9A9412625ACA}.Ad-Hoc|ARM.Deploy.0 = Release|Any CPU
		{1F24A37A-78D8-428A-8274-9A9412625ACA}.Ad-Hoc|iPhone.ActiveCfg = Release|Any CPU
		{1F24A37A-78D8-428A-8274-9A9412625ACA}.Ad-Hoc|iPhone.Build.0 = Release|Any CPU
		{1F24A37A-78D8-428A-8274-9A9412625ACA}.Ad-Hoc|iPhone.Deploy.0 = Release|Any CPU
		{1F24A37A-78D8-428A-8274-9A9412625ACA}.Ad-Hoc|iPhoneSimulator.ActiveCfg = Release|Any CPU
		{1F24A37A-78D8-428A-8274-9A9412625ACA}.Ad-Hoc|iPhoneSimulator.Build.0 = Release|Any CPU
		{1F24A37A-78D8-428A-8274-9A9412625ACA}.Ad-Hoc|iPhoneSimulator.Deploy.0 = Release|Any CPU
		{1F24A37A-78D8-428A-8274-9A9412625ACA}.Ad-Hoc|x64.ActiveCfg = Release|Any CPU
		{1F24A37A-78D8-428A-8274-9A9412625ACA}.Ad-Hoc|x64.Build.0 = Release|Any CPU
		{1F24A37A-78D8-428A-8274-9A9412625ACA}.Ad-Hoc|x64.Deploy.0 = Release|Any CPU
		{1F24A37A-78D8-428A-8274-9A9412625ACA}.Ad-Hoc|x86.ActiveCfg = Release|Any CPU
		{1F24A37A-78D8-428A-8274-9A9412625ACA}.Ad-Hoc|x86.Build.0 = Release|Any CPU
		{1F24A37A-78D8-428A-8274-9A9412625ACA}.Ad-Hoc|x86.Deploy.0 = Release|Any CPU
		{1F24A37A-78D8-428A-8274-9A9412625ACA}.AppStore|Any CPU.ActiveCfg = Release|Any CPU
		{1F24A37A-78D8-428A-8274-9A9412625ACA}.AppStore|Any CPU.Build.0 = Release|Any CPU
		{1F24A37A-78D8-428A-8274-9A9412625ACA}.AppStore|Any CPU.Deploy.0 = Release|Any CPU
		{1F24A37A-78D8-428A-8274-9A9412625ACA}.AppStore|ARM.ActiveCfg = Release|Any CPU
		{1F24A37A-78D8-428A-8274-9A9412625ACA}.AppStore|ARM.Build.0 = Release|Any CPU
		{1F24A37A-78D8-428A-8274-9A9412625ACA}.AppStore|ARM.Deploy.0 = Release|Any CPU
		{1F24A37A-78D8-428A-8274-9A9412625ACA}.AppStore|iPhone.ActiveCfg = Release|Any CPU
		{1F24A37A-78D8-428A-8274-9A9412625ACA}.AppStore|iPhone.Build.0 = Release|Any CPU
		{1F24A37A-78D8-428A-8274-9A9412625ACA}.AppStore|iPhone.Deploy.0 = Release|Any CPU
		{1F24A37A-78D8-428A-8274-9A9412625ACA}.AppStore|iPhoneSimulator.ActiveCfg = Release|Any CPU
		{1F24A37A-78D8-428A-8274-9A9412625ACA}.AppStore|iPhoneSimulator.Build.0 = Release|Any CPU
		{1F24A37A-78D8-428A-8274-9A9412625ACA}.AppStore|iPhoneSimulator.Deploy.0 = Release|Any CPU
		{1F24A37A-78D8-428A-8274-9A9412625ACA}.AppStore|x64.ActiveCfg = Release|Any CPU
		{1F24A37A-78D8-428A-8274-9A9412625ACA}.AppStore|x64.Build.0 = Release|Any CPU
		{1F24A37A-78D8-428A-8274-9A9412625ACA}.AppStore|x64.Deploy.0 = Release|Any CPU
		{1F24A37A-78D8-428A-8274-9A9412625ACA}.AppStore|x86.ActiveCfg = Release|Any CPU
		{1F24A37A-78D8-428A-8274-9A9412625ACA}.AppStore|x86.Build.0 = Release|Any CPU
		{1F24A37A-78D8-428A-8274-9A9412625ACA}.AppStore|x86.Deploy.0 = Release|Any CPU
		{1F24A37A-78D8-428A-8274-9A9412625ACA}.Debug|Any CPU.ActiveCfg = Debug|Any CPU
		{1F24A37A-78D8-428A-8274-9A9412625ACA}.Debug|Any CPU.Build.0 = Debug|Any CPU
		{1F24A37A-78D8-428A-8274-9A9412625ACA}.Debug|Any CPU.Deploy.0 = Debug|Any CPU
		{1F24A37A-78D8-428A-8274-9A9412625ACA}.Debug|ARM.ActiveCfg = Debug|Any CPU
		{1F24A37A-78D8-428A-8274-9A9412625ACA}.Debug|ARM.Build.0 = Debug|Any CPU
		{1F24A37A-78D8-428A-8274-9A9412625ACA}.Debug|ARM.Deploy.0 = Debug|Any CPU
		{1F24A37A-78D8-428A-8274-9A9412625ACA}.Debug|iPhone.ActiveCfg = Debug|Any CPU
		{1F24A37A-78D8-428A-8274-9A9412625ACA}.Debug|iPhone.Build.0 = Debug|Any CPU
		{1F24A37A-78D8-428A-8274-9A9412625ACA}.Debug|iPhone.Deploy.0 = Debug|Any CPU
		{1F24A37A-78D8-428A-8274-9A9412625ACA}.Debug|iPhoneSimulator.ActiveCfg = Debug|Any CPU
		{1F24A37A-78D8-428A-8274-9A9412625ACA}.Debug|iPhoneSimulator.Build.0 = Debug|Any CPU
		{1F24A37A-78D8-428A-8274-9A9412625ACA}.Debug|iPhoneSimulator.Deploy.0 = Debug|Any CPU
		{1F24A37A-78D8-428A-8274-9A9412625ACA}.Debug|x64.ActiveCfg = Debug|Any CPU
		{1F24A37A-78D8-428A-8274-9A9412625ACA}.Debug|x64.Build.0 = Debug|Any CPU
		{1F24A37A-78D8-428A-8274-9A9412625ACA}.Debug|x64.Deploy.0 = Debug|Any CPU
		{1F24A37A-78D8-428A-8274-9A9412625ACA}.Debug|x86.ActiveCfg = Debug|Any CPU
		{1F24A37A-78D8-428A-8274-9A9412625ACA}.Debug|x86.Build.0 = Debug|Any CPU
		{1F24A37A-78D8-428A-8274-9A9412625ACA}.Debug|x86.Deploy.0 = Debug|Any CPU
		{1F24A37A-78D8-428A-8274-9A9412625ACA}.Release|Any CPU.ActiveCfg = Release|Any CPU
		{1F24A37A-78D8-428A-8274-9A9412625ACA}.Release|Any CPU.Build.0 = Release|Any CPU
		{1F24A37A-78D8-428A-8274-9A9412625ACA}.Release|Any CPU.Deploy.0 = Release|Any CPU
		{1F24A37A-78D8-428A-8274-9A9412625ACA}.Release|ARM.ActiveCfg = Release|Any CPU
		{1F24A37A-78D8-428A-8274-9A9412625ACA}.Release|ARM.Build.0 = Release|Any CPU
		{1F24A37A-78D8-428A-8274-9A9412625ACA}.Release|ARM.Deploy.0 = Release|Any CPU
		{1F24A37A-78D8-428A-8274-9A9412625ACA}.Release|iPhone.ActiveCfg = Release|Any CPU
		{1F24A37A-78D8-428A-8274-9A9412625ACA}.Release|iPhone.Build.0 = Release|Any CPU
		{1F24A37A-78D8-428A-8274-9A9412625ACA}.Release|iPhone.Deploy.0 = Release|Any CPU
		{1F24A37A-78D8-428A-8274-9A9412625ACA}.Release|iPhoneSimulator.ActiveCfg = Release|Any CPU
		{1F24A37A-78D8-428A-8274-9A9412625ACA}.Release|iPhoneSimulator.Build.0 = Release|Any CPU
		{1F24A37A-78D8-428A-8274-9A9412625ACA}.Release|iPhoneSimulator.Deploy.0 = Release|Any CPU
		{1F24A37A-78D8-428A-8274-9A9412625ACA}.Release|x64.ActiveCfg = Release|Any CPU
		{1F24A37A-78D8-428A-8274-9A9412625ACA}.Release|x64.Build.0 = Release|Any CPU
		{1F24A37A-78D8-428A-8274-9A9412625ACA}.Release|x64.Deploy.0 = Release|Any CPU
		{1F24A37A-78D8-428A-8274-9A9412625ACA}.Release|x86.ActiveCfg = Release|Any CPU
		{1F24A37A-78D8-428A-8274-9A9412625ACA}.Release|x86.Build.0 = Release|Any CPU
		{1F24A37A-78D8-428A-8274-9A9412625ACA}.Release|x86.Deploy.0 = Release|Any CPU
		{FC0EE4BE-49FA-436E-A69E-E4204A132A88}.Ad-Hoc|Any CPU.ActiveCfg = Ad-Hoc|iPhone
		{FC0EE4BE-49FA-436E-A69E-E4204A132A88}.Ad-Hoc|ARM.ActiveCfg = Ad-Hoc|iPhone
		{FC0EE4BE-49FA-436E-A69E-E4204A132A88}.Ad-Hoc|iPhone.ActiveCfg = Ad-Hoc|iPhone
		{FC0EE4BE-49FA-436E-A69E-E4204A132A88}.Ad-Hoc|iPhone.Build.0 = Ad-Hoc|iPhone
		{FC0EE4BE-49FA-436E-A69E-E4204A132A88}.Ad-Hoc|iPhoneSimulator.ActiveCfg = Ad-Hoc|iPhoneSimulator
		{FC0EE4BE-49FA-436E-A69E-E4204A132A88}.Ad-Hoc|iPhoneSimulator.Build.0 = Ad-Hoc|iPhoneSimulator
		{FC0EE4BE-49FA-436E-A69E-E4204A132A88}.Ad-Hoc|x64.ActiveCfg = Ad-Hoc|iPhone
		{FC0EE4BE-49FA-436E-A69E-E4204A132A88}.Ad-Hoc|x86.ActiveCfg = Ad-Hoc|iPhone
		{FC0EE4BE-49FA-436E-A69E-E4204A132A88}.AppStore|Any CPU.ActiveCfg = AppStore|iPhone
		{FC0EE4BE-49FA-436E-A69E-E4204A132A88}.AppStore|ARM.ActiveCfg = AppStore|iPhone
		{FC0EE4BE-49FA-436E-A69E-E4204A132A88}.AppStore|iPhone.ActiveCfg = AppStore|iPhone
		{FC0EE4BE-49FA-436E-A69E-E4204A132A88}.AppStore|iPhone.Build.0 = AppStore|iPhone
		{FC0EE4BE-49FA-436E-A69E-E4204A132A88}.AppStore|iPhoneSimulator.ActiveCfg = AppStore|iPhoneSimulator
		{FC0EE4BE-49FA-436E-A69E-E4204A132A88}.AppStore|iPhoneSimulator.Build.0 = AppStore|iPhoneSimulator
		{FC0EE4BE-49FA-436E-A69E-E4204A132A88}.AppStore|x64.ActiveCfg = AppStore|iPhone
		{FC0EE4BE-49FA-436E-A69E-E4204A132A88}.AppStore|x86.ActiveCfg = AppStore|iPhone
		{FC0EE4BE-49FA-436E-A69E-E4204A132A88}.Debug|Any CPU.ActiveCfg = Debug|iPhone
		{FC0EE4BE-49FA-436E-A69E-E4204A132A88}.Debug|ARM.ActiveCfg = Debug|iPhone
		{FC0EE4BE-49FA-436E-A69E-E4204A132A88}.Debug|iPhone.ActiveCfg = Debug|iPhone
		{FC0EE4BE-49FA-436E-A69E-E4204A132A88}.Debug|iPhone.Build.0 = Debug|iPhone
		{FC0EE4BE-49FA-436E-A69E-E4204A132A88}.Debug|iPhoneSimulator.ActiveCfg = Debug|iPhoneSimulator
		{FC0EE4BE-49FA-436E-A69E-E4204A132A88}.Debug|iPhoneSimulator.Build.0 = Debug|iPhoneSimulator
		{FC0EE4BE-49FA-436E-A69E-E4204A132A88}.Debug|x64.ActiveCfg = Debug|iPhone
		{FC0EE4BE-49FA-436E-A69E-E4204A132A88}.Debug|x86.ActiveCfg = Debug|iPhone
		{FC0EE4BE-49FA-436E-A69E-E4204A132A88}.Release|Any CPU.ActiveCfg = Release|iPhone
		{FC0EE4BE-49FA-436E-A69E-E4204A132A88}.Release|ARM.ActiveCfg = Release|iPhone
		{FC0EE4BE-49FA-436E-A69E-E4204A132A88}.Release|iPhone.ActiveCfg = Release|iPhone
		{FC0EE4BE-49FA-436E-A69E-E4204A132A88}.Release|iPhone.Build.0 = Release|iPhone
		{FC0EE4BE-49FA-436E-A69E-E4204A132A88}.Release|iPhoneSimulator.ActiveCfg = Release|iPhoneSimulator
		{FC0EE4BE-49FA-436E-A69E-E4204A132A88}.Release|iPhoneSimulator.Build.0 = Release|iPhoneSimulator
		{FC0EE4BE-49FA-436E-A69E-E4204A132A88}.Release|x64.ActiveCfg = Release|iPhone
		{FC0EE4BE-49FA-436E-A69E-E4204A132A88}.Release|x86.ActiveCfg = Release|iPhone
		{B560E4D6-62E9-4DD5-8B34-AFE40D82AA05}.Ad-Hoc|Any CPU.ActiveCfg = Release|Any CPU
		{B560E4D6-62E9-4DD5-8B34-AFE40D82AA05}.Ad-Hoc|Any CPU.Build.0 = Release|Any CPU
		{B560E4D6-62E9-4DD5-8B34-AFE40D82AA05}.Ad-Hoc|Any CPU.Deploy.0 = Release|Any CPU
		{B560E4D6-62E9-4DD5-8B34-AFE40D82AA05}.Ad-Hoc|ARM.ActiveCfg = Release|ARM
		{B560E4D6-62E9-4DD5-8B34-AFE40D82AA05}.Ad-Hoc|ARM.Build.0 = Release|ARM
		{B560E4D6-62E9-4DD5-8B34-AFE40D82AA05}.Ad-Hoc|ARM.Deploy.0 = Release|ARM
		{B560E4D6-62E9-4DD5-8B34-AFE40D82AA05}.Ad-Hoc|iPhone.ActiveCfg = Release|Any CPU
		{B560E4D6-62E9-4DD5-8B34-AFE40D82AA05}.Ad-Hoc|iPhone.Build.0 = Release|Any CPU
		{B560E4D6-62E9-4DD5-8B34-AFE40D82AA05}.Ad-Hoc|iPhone.Deploy.0 = Release|Any CPU
		{B560E4D6-62E9-4DD5-8B34-AFE40D82AA05}.Ad-Hoc|iPhoneSimulator.ActiveCfg = Release|Any CPU
		{B560E4D6-62E9-4DD5-8B34-AFE40D82AA05}.Ad-Hoc|iPhoneSimulator.Build.0 = Release|Any CPU
		{B560E4D6-62E9-4DD5-8B34-AFE40D82AA05}.Ad-Hoc|iPhoneSimulator.Deploy.0 = Release|Any CPU
		{B560E4D6-62E9-4DD5-8B34-AFE40D82AA05}.Ad-Hoc|x64.ActiveCfg = Release|Any CPU
		{B560E4D6-62E9-4DD5-8B34-AFE40D82AA05}.Ad-Hoc|x64.Build.0 = Release|Any CPU
		{B560E4D6-62E9-4DD5-8B34-AFE40D82AA05}.Ad-Hoc|x64.Deploy.0 = Release|Any CPU
		{B560E4D6-62E9-4DD5-8B34-AFE40D82AA05}.Ad-Hoc|x86.ActiveCfg = Release|x86
		{B560E4D6-62E9-4DD5-8B34-AFE40D82AA05}.Ad-Hoc|x86.Build.0 = Release|x86
		{B560E4D6-62E9-4DD5-8B34-AFE40D82AA05}.Ad-Hoc|x86.Deploy.0 = Release|x86
		{B560E4D6-62E9-4DD5-8B34-AFE40D82AA05}.AppStore|Any CPU.ActiveCfg = Release|Any CPU
		{B560E4D6-62E9-4DD5-8B34-AFE40D82AA05}.AppStore|Any CPU.Build.0 = Release|Any CPU
		{B560E4D6-62E9-4DD5-8B34-AFE40D82AA05}.AppStore|Any CPU.Deploy.0 = Release|Any CPU
		{B560E4D6-62E9-4DD5-8B34-AFE40D82AA05}.AppStore|ARM.ActiveCfg = Release|ARM
		{B560E4D6-62E9-4DD5-8B34-AFE40D82AA05}.AppStore|ARM.Build.0 = Release|ARM
		{B560E4D6-62E9-4DD5-8B34-AFE40D82AA05}.AppStore|ARM.Deploy.0 = Release|ARM
		{B560E4D6-62E9-4DD5-8B34-AFE40D82AA05}.AppStore|iPhone.ActiveCfg = Release|Any CPU
		{B560E4D6-62E9-4DD5-8B34-AFE40D82AA05}.AppStore|iPhone.Build.0 = Release|Any CPU
		{B560E4D6-62E9-4DD5-8B34-AFE40D82AA05}.AppStore|iPhone.Deploy.0 = Release|Any CPU
		{B560E4D6-62E9-4DD5-8B34-AFE40D82AA05}.AppStore|iPhoneSimulator.ActiveCfg = Release|Any CPU
		{B560E4D6-62E9-4DD5-8B34-AFE40D82AA05}.AppStore|iPhoneSimulator.Build.0 = Release|Any CPU
		{B560E4D6-62E9-4DD5-8B34-AFE40D82AA05}.AppStore|iPhoneSimulator.Deploy.0 = Release|Any CPU
		{B560E4D6-62E9-4DD5-8B34-AFE40D82AA05}.AppStore|x64.ActiveCfg = Release|Any CPU
		{B560E4D6-62E9-4DD5-8B34-AFE40D82AA05}.AppStore|x64.Build.0 = Release|Any CPU
		{B560E4D6-62E9-4DD5-8B34-AFE40D82AA05}.AppStore|x64.Deploy.0 = Release|Any CPU
		{B560E4D6-62E9-4DD5-8B34-AFE40D82AA05}.AppStore|x86.ActiveCfg = Release|x86
		{B560E4D6-62E9-4DD5-8B34-AFE40D82AA05}.AppStore|x86.Build.0 = Release|x86
		{B560E4D6-62E9-4DD5-8B34-AFE40D82AA05}.AppStore|x86.Deploy.0 = Release|x86
		{B560E4D6-62E9-4DD5-8B34-AFE40D82AA05}.Debug|Any CPU.ActiveCfg = Debug|Any CPU
		{B560E4D6-62E9-4DD5-8B34-AFE40D82AA05}.Debug|Any CPU.Build.0 = Debug|Any CPU
		{B560E4D6-62E9-4DD5-8B34-AFE40D82AA05}.Debug|Any CPU.Deploy.0 = Debug|Any CPU
		{B560E4D6-62E9-4DD5-8B34-AFE40D82AA05}.Debug|ARM.ActiveCfg = Debug|ARM
		{B560E4D6-62E9-4DD5-8B34-AFE40D82AA05}.Debug|ARM.Build.0 = Debug|ARM
		{B560E4D6-62E9-4DD5-8B34-AFE40D82AA05}.Debug|ARM.Deploy.0 = Debug|ARM
		{B560E4D6-62E9-4DD5-8B34-AFE40D82AA05}.Debug|iPhone.ActiveCfg = Debug|Any CPU
		{B560E4D6-62E9-4DD5-8B34-AFE40D82AA05}.Debug|iPhone.Build.0 = Debug|Any CPU
		{B560E4D6-62E9-4DD5-8B34-AFE40D82AA05}.Debug|iPhone.Deploy.0 = Debug|Any CPU
		{B560E4D6-62E9-4DD5-8B34-AFE40D82AA05}.Debug|iPhoneSimulator.ActiveCfg = Debug|Any CPU
		{B560E4D6-62E9-4DD5-8B34-AFE40D82AA05}.Debug|iPhoneSimulator.Build.0 = Debug|Any CPU
		{B560E4D6-62E9-4DD5-8B34-AFE40D82AA05}.Debug|iPhoneSimulator.Deploy.0 = Debug|Any CPU
		{B560E4D6-62E9-4DD5-8B34-AFE40D82AA05}.Debug|x64.ActiveCfg = Debug|Any CPU
		{B560E4D6-62E9-4DD5-8B34-AFE40D82AA05}.Debug|x64.Build.0 = Debug|Any CPU
		{B560E4D6-62E9-4DD5-8B34-AFE40D82AA05}.Debug|x64.Deploy.0 = Debug|Any CPU
		{B560E4D6-62E9-4DD5-8B34-AFE40D82AA05}.Debug|x86.ActiveCfg = Debug|x86
		{B560E4D6-62E9-4DD5-8B34-AFE40D82AA05}.Debug|x86.Build.0 = Debug|x86
		{B560E4D6-62E9-4DD5-8B34-AFE40D82AA05}.Debug|x86.Deploy.0 = Debug|x86
		{B560E4D6-62E9-4DD5-8B34-AFE40D82AA05}.Release|Any CPU.ActiveCfg = Release|Any CPU
		{B560E4D6-62E9-4DD5-8B34-AFE40D82AA05}.Release|Any CPU.Build.0 = Release|Any CPU
		{B560E4D6-62E9-4DD5-8B34-AFE40D82AA05}.Release|Any CPU.Deploy.0 = Release|Any CPU
		{B560E4D6-62E9-4DD5-8B34-AFE40D82AA05}.Release|ARM.ActiveCfg = Release|ARM
		{B560E4D6-62E9-4DD5-8B34-AFE40D82AA05}.Release|ARM.Build.0 = Release|ARM
		{B560E4D6-62E9-4DD5-8B34-AFE40D82AA05}.Release|ARM.Deploy.0 = Release|ARM
		{B560E4D6-62E9-4DD5-8B34-AFE40D82AA05}.Release|iPhone.ActiveCfg = Release|Any CPU
		{B560E4D6-62E9-4DD5-8B34-AFE40D82AA05}.Release|iPhone.Build.0 = Release|Any CPU
		{B560E4D6-62E9-4DD5-8B34-AFE40D82AA05}.Release|iPhone.Deploy.0 = Release|Any CPU
		{B560E4D6-62E9-4DD5-8B34-AFE40D82AA05}.Release|iPhoneSimulator.ActiveCfg = Release|Any CPU
		{B560E4D6-62E9-4DD5-8B34-AFE40D82AA05}.Release|iPhoneSimulator.Build.0 = Release|Any CPU
		{B560E4D6-62E9-4DD5-8B34-AFE40D82AA05}.Release|iPhoneSimulator.Deploy.0 = Release|Any CPU
		{B560E4D6-62E9-4DD5-8B34-AFE40D82AA05}.Release|x64.ActiveCfg = Release|Any CPU
		{B560E4D6-62E9-4DD5-8B34-AFE40D82AA05}.Release|x64.Build.0 = Release|Any CPU
		{B560E4D6-62E9-4DD5-8B34-AFE40D82AA05}.Release|x64.Deploy.0 = Release|Any CPU
		{B560E4D6-62E9-4DD5-8B34-AFE40D82AA05}.Release|x86.ActiveCfg = Release|x86
		{B560E4D6-62E9-4DD5-8B34-AFE40D82AA05}.Release|x86.Build.0 = Release|x86
		{B560E4D6-62E9-4DD5-8B34-AFE40D82AA05}.Release|x86.Deploy.0 = Release|x86
		{EC09C058-F30C-4820-B142-483049AE2C05}.Ad-Hoc|Any CPU.ActiveCfg = Release|x86
		{EC09C058-F30C-4820-B142-483049AE2C05}.Ad-Hoc|Any CPU.Build.0 = Release|x86
		{EC09C058-F30C-4820-B142-483049AE2C05}.Ad-Hoc|Any CPU.Deploy.0 = Release|x86
		{EC09C058-F30C-4820-B142-483049AE2C05}.Ad-Hoc|ARM.ActiveCfg = Release|ARM
		{EC09C058-F30C-4820-B142-483049AE2C05}.Ad-Hoc|ARM.Build.0 = Release|ARM
		{EC09C058-F30C-4820-B142-483049AE2C05}.Ad-Hoc|ARM.Deploy.0 = Release|ARM
		{EC09C058-F30C-4820-B142-483049AE2C05}.Ad-Hoc|iPhone.ActiveCfg = Release|x86
		{EC09C058-F30C-4820-B142-483049AE2C05}.Ad-Hoc|iPhone.Build.0 = Release|x86
		{EC09C058-F30C-4820-B142-483049AE2C05}.Ad-Hoc|iPhone.Deploy.0 = Release|x86
		{EC09C058-F30C-4820-B142-483049AE2C05}.Ad-Hoc|iPhoneSimulator.ActiveCfg = Release|x86
		{EC09C058-F30C-4820-B142-483049AE2C05}.Ad-Hoc|iPhoneSimulator.Build.0 = Release|x86
		{EC09C058-F30C-4820-B142-483049AE2C05}.Ad-Hoc|iPhoneSimulator.Deploy.0 = Release|x86
		{EC09C058-F30C-4820-B142-483049AE2C05}.Ad-Hoc|x64.ActiveCfg = Release|x64
		{EC09C058-F30C-4820-B142-483049AE2C05}.Ad-Hoc|x64.Build.0 = Release|x64
		{EC09C058-F30C-4820-B142-483049AE2C05}.Ad-Hoc|x64.Deploy.0 = Release|x64
		{EC09C058-F30C-4820-B142-483049AE2C05}.Ad-Hoc|x86.ActiveCfg = Release|x86
		{EC09C058-F30C-4820-B142-483049AE2C05}.Ad-Hoc|x86.Build.0 = Release|x86
		{EC09C058-F30C-4820-B142-483049AE2C05}.Ad-Hoc|x86.Deploy.0 = Release|x86
		{EC09C058-F30C-4820-B142-483049AE2C05}.AppStore|Any CPU.ActiveCfg = Release|x86
		{EC09C058-F30C-4820-B142-483049AE2C05}.AppStore|Any CPU.Build.0 = Release|x86
		{EC09C058-F30C-4820-B142-483049AE2C05}.AppStore|Any CPU.Deploy.0 = Release|x86
		{EC09C058-F30C-4820-B142-483049AE2C05}.AppStore|ARM.ActiveCfg = Release|ARM
		{EC09C058-F30C-4820-B142-483049AE2C05}.AppStore|ARM.Build.0 = Release|ARM
		{EC09C058-F30C-4820-B142-483049AE2C05}.AppStore|ARM.Deploy.0 = Release|ARM
		{EC09C058-F30C-4820-B142-483049AE2C05}.AppStore|iPhone.ActiveCfg = Release|x86
		{EC09C058-F30C-4820-B142-483049AE2C05}.AppStore|iPhone.Build.0 = Release|x86
		{EC09C058-F30C-4820-B142-483049AE2C05}.AppStore|iPhone.Deploy.0 = Release|x86
		{EC09C058-F30C-4820-B142-483049AE2C05}.AppStore|iPhoneSimulator.ActiveCfg = Release|x86
		{EC09C058-F30C-4820-B142-483049AE2C05}.AppStore|iPhoneSimulator.Build.0 = Release|x86
		{EC09C058-F30C-4820-B142-483049AE2C05}.AppStore|iPhoneSimulator.Deploy.0 = Release|x86
		{EC09C058-F30C-4820-B142-483049AE2C05}.AppStore|x64.ActiveCfg = Release|x64
		{EC09C058-F30C-4820-B142-483049AE2C05}.AppStore|x64.Build.0 = Release|x64
		{EC09C058-F30C-4820-B142-483049AE2C05}.AppStore|x64.Deploy.0 = Release|x64
		{EC09C058-F30C-4820-B142-483049AE2C05}.AppStore|x86.ActiveCfg = Release|x86
		{EC09C058-F30C-4820-B142-483049AE2C05}.AppStore|x86.Build.0 = Release|x86
		{EC09C058-F30C-4820-B142-483049AE2C05}.AppStore|x86.Deploy.0 = Release|x86
		{EC09C058-F30C-4820-B142-483049AE2C05}.Debug|Any CPU.ActiveCfg = Debug|x86
		{EC09C058-F30C-4820-B142-483049AE2C05}.Debug|ARM.ActiveCfg = Debug|ARM
		{EC09C058-F30C-4820-B142-483049AE2C05}.Debug|ARM.Build.0 = Debug|ARM
		{EC09C058-F30C-4820-B142-483049AE2C05}.Debug|ARM.Deploy.0 = Debug|ARM
		{EC09C058-F30C-4820-B142-483049AE2C05}.Debug|iPhone.ActiveCfg = Debug|x86
		{EC09C058-F30C-4820-B142-483049AE2C05}.Debug|iPhoneSimulator.ActiveCfg = Debug|x86
		{EC09C058-F30C-4820-B142-483049AE2C05}.Debug|x64.ActiveCfg = Debug|x64
		{EC09C058-F30C-4820-B142-483049AE2C05}.Debug|x64.Build.0 = Debug|x64
		{EC09C058-F30C-4820-B142-483049AE2C05}.Debug|x64.Deploy.0 = Debug|x64
		{EC09C058-F30C-4820-B142-483049AE2C05}.Debug|x86.ActiveCfg = Debug|x86
		{EC09C058-F30C-4820-B142-483049AE2C05}.Debug|x86.Build.0 = Debug|x86
		{EC09C058-F30C-4820-B142-483049AE2C05}.Debug|x86.Deploy.0 = Debug|x86
		{EC09C058-F30C-4820-B142-483049AE2C05}.Release|Any CPU.ActiveCfg = Release|x86
		{EC09C058-F30C-4820-B142-483049AE2C05}.Release|ARM.ActiveCfg = Release|ARM
		{EC09C058-F30C-4820-B142-483049AE2C05}.Release|ARM.Build.0 = Release|ARM
		{EC09C058-F30C-4820-B142-483049AE2C05}.Release|ARM.Deploy.0 = Release|ARM
		{EC09C058-F30C-4820-B142-483049AE2C05}.Release|iPhone.ActiveCfg = Release|x86
		{EC09C058-F30C-4820-B142-483049AE2C05}.Release|iPhoneSimulator.ActiveCfg = Release|x86
		{EC09C058-F30C-4820-B142-483049AE2C05}.Release|x64.ActiveCfg = Release|x64
		{EC09C058-F30C-4820-B142-483049AE2C05}.Release|x64.Build.0 = Release|x64
		{EC09C058-F30C-4820-B142-483049AE2C05}.Release|x64.Deploy.0 = Release|x64
		{EC09C058-F30C-4820-B142-483049AE2C05}.Release|x86.ActiveCfg = Release|x86
		{EC09C058-F30C-4820-B142-483049AE2C05}.Release|x86.Build.0 = Release|x86
		{EC09C058-F30C-4820-B142-483049AE2C05}.Release|x86.Deploy.0 = Release|x86
		{4160E996-47FB-4B83-92A5-CC6939A61170}.Ad-Hoc|Any CPU.ActiveCfg = Release|Any CPU
		{4160E996-47FB-4B83-92A5-CC6939A61170}.Ad-Hoc|Any CPU.Build.0 = Release|Any CPU
		{4160E996-47FB-4B83-92A5-CC6939A61170}.Ad-Hoc|Any CPU.Deploy.0 = Release|Any CPU
		{4160E996-47FB-4B83-92A5-CC6939A61170}.Ad-Hoc|ARM.ActiveCfg = Release|ARM
		{4160E996-47FB-4B83-92A5-CC6939A61170}.Ad-Hoc|ARM.Build.0 = Release|ARM
		{4160E996-47FB-4B83-92A5-CC6939A61170}.Ad-Hoc|ARM.Deploy.0 = Release|ARM
		{4160E996-47FB-4B83-92A5-CC6939A61170}.Ad-Hoc|iPhone.ActiveCfg = Release|Any CPU
		{4160E996-47FB-4B83-92A5-CC6939A61170}.Ad-Hoc|iPhone.Build.0 = Release|Any CPU
		{4160E996-47FB-4B83-92A5-CC6939A61170}.Ad-Hoc|iPhone.Deploy.0 = Release|Any CPU
		{4160E996-47FB-4B83-92A5-CC6939A61170}.Ad-Hoc|iPhoneSimulator.ActiveCfg = Release|Any CPU
		{4160E996-47FB-4B83-92A5-CC6939A61170}.Ad-Hoc|iPhoneSimulator.Build.0 = Release|Any CPU
		{4160E996-47FB-4B83-92A5-CC6939A61170}.Ad-Hoc|iPhoneSimulator.Deploy.0 = Release|Any CPU
		{4160E996-47FB-4B83-92A5-CC6939A61170}.Ad-Hoc|x64.ActiveCfg = Release|x64
		{4160E996-47FB-4B83-92A5-CC6939A61170}.Ad-Hoc|x64.Build.0 = Release|x64
		{4160E996-47FB-4B83-92A5-CC6939A61170}.Ad-Hoc|x64.Deploy.0 = Release|x64
		{4160E996-47FB-4B83-92A5-CC6939A61170}.Ad-Hoc|x86.ActiveCfg = Release|x86
		{4160E996-47FB-4B83-92A5-CC6939A61170}.Ad-Hoc|x86.Build.0 = Release|x86
		{4160E996-47FB-4B83-92A5-CC6939A61170}.Ad-Hoc|x86.Deploy.0 = Release|x86
		{4160E996-47FB-4B83-92A5-CC6939A61170}.AppStore|Any CPU.ActiveCfg = Release|Any CPU
		{4160E996-47FB-4B83-92A5-CC6939A61170}.AppStore|Any CPU.Build.0 = Release|Any CPU
		{4160E996-47FB-4B83-92A5-CC6939A61170}.AppStore|Any CPU.Deploy.0 = Release|Any CPU
		{4160E996-47FB-4B83-92A5-CC6939A61170}.AppStore|ARM.ActiveCfg = Release|ARM
		{4160E996-47FB-4B83-92A5-CC6939A61170}.AppStore|ARM.Build.0 = Release|ARM
		{4160E996-47FB-4B83-92A5-CC6939A61170}.AppStore|ARM.Deploy.0 = Release|ARM
		{4160E996-47FB-4B83-92A5-CC6939A61170}.AppStore|iPhone.ActiveCfg = Release|Any CPU
		{4160E996-47FB-4B83-92A5-CC6939A61170}.AppStore|iPhone.Build.0 = Release|Any CPU
		{4160E996-47FB-4B83-92A5-CC6939A61170}.AppStore|iPhone.Deploy.0 = Release|Any CPU
		{4160E996-47FB-4B83-92A5-CC6939A61170}.AppStore|iPhoneSimulator.ActiveCfg = Release|Any CPU
		{4160E996-47FB-4B83-92A5-CC6939A61170}.AppStore|iPhoneSimulator.Build.0 = Release|Any CPU
		{4160E996-47FB-4B83-92A5-CC6939A61170}.AppStore|iPhoneSimulator.Deploy.0 = Release|Any CPU
		{4160E996-47FB-4B83-92A5-CC6939A61170}.AppStore|x64.ActiveCfg = Release|x64
		{4160E996-47FB-4B83-92A5-CC6939A61170}.AppStore|x64.Build.0 = Release|x64
		{4160E996-47FB-4B83-92A5-CC6939A61170}.AppStore|x64.Deploy.0 = Release|x64
		{4160E996-47FB-4B83-92A5-CC6939A61170}.AppStore|x86.ActiveCfg = Release|x86
		{4160E996-47FB-4B83-92A5-CC6939A61170}.AppStore|x86.Build.0 = Release|x86
		{4160E996-47FB-4B83-92A5-CC6939A61170}.AppStore|x86.Deploy.0 = Release|x86
		{4160E996-47FB-4B83-92A5-CC6939A61170}.Debug|Any CPU.ActiveCfg = Debug|Any CPU
		{4160E996-47FB-4B83-92A5-CC6939A61170}.Debug|Any CPU.Build.0 = Debug|Any CPU
		{4160E996-47FB-4B83-92A5-CC6939A61170}.Debug|Any CPU.Deploy.0 = Debug|Any CPU
		{4160E996-47FB-4B83-92A5-CC6939A61170}.Debug|ARM.ActiveCfg = Debug|ARM
		{4160E996-47FB-4B83-92A5-CC6939A61170}.Debug|ARM.Build.0 = Debug|ARM
		{4160E996-47FB-4B83-92A5-CC6939A61170}.Debug|ARM.Deploy.0 = Debug|ARM
		{4160E996-47FB-4B83-92A5-CC6939A61170}.Debug|iPhone.ActiveCfg = Debug|Any CPU
		{4160E996-47FB-4B83-92A5-CC6939A61170}.Debug|iPhone.Build.0 = Debug|Any CPU
		{4160E996-47FB-4B83-92A5-CC6939A61170}.Debug|iPhone.Deploy.0 = Debug|Any CPU
		{4160E996-47FB-4B83-92A5-CC6939A61170}.Debug|iPhoneSimulator.ActiveCfg = Debug|Any CPU
		{4160E996-47FB-4B83-92A5-CC6939A61170}.Debug|iPhoneSimulator.Build.0 = Debug|Any CPU
		{4160E996-47FB-4B83-92A5-CC6939A61170}.Debug|iPhoneSimulator.Deploy.0 = Debug|Any CPU
		{4160E996-47FB-4B83-92A5-CC6939A61170}.Debug|x64.ActiveCfg = Debug|x64
		{4160E996-47FB-4B83-92A5-CC6939A61170}.Debug|x64.Build.0 = Debug|x64
		{4160E996-47FB-4B83-92A5-CC6939A61170}.Debug|x64.Deploy.0 = Debug|x64
		{4160E996-47FB-4B83-92A5-CC6939A61170}.Debug|x86.ActiveCfg = Debug|x86
		{4160E996-47FB-4B83-92A5-CC6939A61170}.Debug|x86.Build.0 = Debug|x86
		{4160E996-47FB-4B83-92A5-CC6939A61170}.Debug|x86.Deploy.0 = Debug|x86
		{4160E996-47FB-4B83-92A5-CC6939A61170}.Release|Any CPU.ActiveCfg = Release|Any CPU
		{4160E996-47FB-4B83-92A5-CC6939A61170}.Release|Any CPU.Build.0 = Release|Any CPU
		{4160E996-47FB-4B83-92A5-CC6939A61170}.Release|Any CPU.Deploy.0 = Release|Any CPU
		{4160E996-47FB-4B83-92A5-CC6939A61170}.Release|ARM.ActiveCfg = Release|ARM
		{4160E996-47FB-4B83-92A5-CC6939A61170}.Release|ARM.Build.0 = Release|ARM
		{4160E996-47FB-4B83-92A5-CC6939A61170}.Release|ARM.Deploy.0 = Release|ARM
		{4160E996-47FB-4B83-92A5-CC6939A61170}.Release|iPhone.ActiveCfg = Release|Any CPU
		{4160E996-47FB-4B83-92A5-CC6939A61170}.Release|iPhone.Build.0 = Release|Any CPU
		{4160E996-47FB-4B83-92A5-CC6939A61170}.Release|iPhone.Deploy.0 = Release|Any CPU
		{4160E996-47FB-4B83-92A5-CC6939A61170}.Release|iPhoneSimulator.ActiveCfg = Release|Any CPU
		{4160E996-47FB-4B83-92A5-CC6939A61170}.Release|iPhoneSimulator.Build.0 = Release|Any CPU
		{4160E996-47FB-4B83-92A5-CC6939A61170}.Release|iPhoneSimulator.Deploy.0 = Release|Any CPU
		{4160E996-47FB-4B83-92A5-CC6939A61170}.Release|x64.ActiveCfg = Release|x64
		{4160E996-47FB-4B83-92A5-CC6939A61170}.Release|x64.Build.0 = Release|x64
		{4160E996-47FB-4B83-92A5-CC6939A61170}.Release|x64.Deploy.0 = Release|x64
		{4160E996-47FB-4B83-92A5-CC6939A61170}.Release|x86.ActiveCfg = Release|x86
		{4160E996-47FB-4B83-92A5-CC6939A61170}.Release|x86.Build.0 = Release|x86
		{4160E996-47FB-4B83-92A5-CC6939A61170}.Release|x86.Deploy.0 = Release|x86
		{7D4C6081-73A0-48C1-B923-CC9596102DE0}.Ad-Hoc|Any CPU.ActiveCfg = Release|Any CPU
		{7D4C6081-73A0-48C1-B923-CC9596102DE0}.Ad-Hoc|Any CPU.Build.0 = Release|Any CPU
		{7D4C6081-73A0-48C1-B923-CC9596102DE0}.Ad-Hoc|ARM.ActiveCfg = Release|Any CPU
		{7D4C6081-73A0-48C1-B923-CC9596102DE0}.Ad-Hoc|ARM.Build.0 = Release|Any CPU
		{7D4C6081-73A0-48C1-B923-CC9596102DE0}.Ad-Hoc|iPhone.ActiveCfg = Release|Any CPU
		{7D4C6081-73A0-48C1-B923-CC9596102DE0}.Ad-Hoc|iPhone.Build.0 = Release|Any CPU
		{7D4C6081-73A0-48C1-B923-CC9596102DE0}.Ad-Hoc|iPhoneSimulator.ActiveCfg = Release|Any CPU
		{7D4C6081-73A0-48C1-B923-CC9596102DE0}.Ad-Hoc|iPhoneSimulator.Build.0 = Release|Any CPU
		{7D4C6081-73A0-48C1-B923-CC9596102DE0}.Ad-Hoc|x64.ActiveCfg = Release|Any CPU
		{7D4C6081-73A0-48C1-B923-CC9596102DE0}.Ad-Hoc|x64.Build.0 = Release|Any CPU
		{7D4C6081-73A0-48C1-B923-CC9596102DE0}.Ad-Hoc|x86.ActiveCfg = Release|Any CPU
		{7D4C6081-73A0-48C1-B923-CC9596102DE0}.Ad-Hoc|x86.Build.0 = Release|Any CPU
		{7D4C6081-73A0-48C1-B923-CC9596102DE0}.AppStore|Any CPU.ActiveCfg = Release|Any CPU
		{7D4C6081-73A0-48C1-B923-CC9596102DE0}.AppStore|Any CPU.Build.0 = Release|Any CPU
		{7D4C6081-73A0-48C1-B923-CC9596102DE0}.AppStore|ARM.ActiveCfg = Release|Any CPU
		{7D4C6081-73A0-48C1-B923-CC9596102DE0}.AppStore|ARM.Build.0 = Release|Any CPU
		{7D4C6081-73A0-48C1-B923-CC9596102DE0}.AppStore|iPhone.ActiveCfg = Release|Any CPU
		{7D4C6081-73A0-48C1-B923-CC9596102DE0}.AppStore|iPhone.Build.0 = Release|Any CPU
		{7D4C6081-73A0-48C1-B923-CC9596102DE0}.AppStore|iPhoneSimulator.ActiveCfg = Release|Any CPU
		{7D4C6081-73A0-48C1-B923-CC9596102DE0}.AppStore|iPhoneSimulator.Build.0 = Release|Any CPU
		{7D4C6081-73A0-48C1-B923-CC9596102DE0}.AppStore|x64.ActiveCfg = Release|Any CPU
		{7D4C6081-73A0-48C1-B923-CC9596102DE0}.AppStore|x64.Build.0 = Release|Any CPU
		{7D4C6081-73A0-48C1-B923-CC9596102DE0}.AppStore|x86.ActiveCfg = Release|Any CPU
		{7D4C6081-73A0-48C1-B923-CC9596102DE0}.AppStore|x86.Build.0 = Release|Any CPU
		{7D4C6081-73A0-48C1-B923-CC9596102DE0}.Debug|Any CPU.ActiveCfg = Debug|Any CPU
		{7D4C6081-73A0-48C1-B923-CC9596102DE0}.Debug|Any CPU.Build.0 = Debug|Any CPU
		{7D4C6081-73A0-48C1-B923-CC9596102DE0}.Debug|ARM.ActiveCfg = Debug|Any CPU
		{7D4C6081-73A0-48C1-B923-CC9596102DE0}.Debug|ARM.Build.0 = Debug|Any CPU
		{7D4C6081-73A0-48C1-B923-CC9596102DE0}.Debug|iPhone.ActiveCfg = Debug|Any CPU
		{7D4C6081-73A0-48C1-B923-CC9596102DE0}.Debug|iPhone.Build.0 = Debug|Any CPU
		{7D4C6081-73A0-48C1-B923-CC9596102DE0}.Debug|iPhoneSimulator.ActiveCfg = Debug|Any CPU
		{7D4C6081-73A0-48C1-B923-CC9596102DE0}.Debug|iPhoneSimulator.Build.0 = Debug|Any CPU
		{7D4C6081-73A0-48C1-B923-CC9596102DE0}.Debug|x64.ActiveCfg = Debug|Any CPU
		{7D4C6081-73A0-48C1-B923-CC9596102DE0}.Debug|x64.Build.0 = Debug|Any CPU
		{7D4C6081-73A0-48C1-B923-CC9596102DE0}.Debug|x86.ActiveCfg = Debug|Any CPU
		{7D4C6081-73A0-48C1-B923-CC9596102DE0}.Debug|x86.Build.0 = Debug|Any CPU
		{7D4C6081-73A0-48C1-B923-CC9596102DE0}.Release|Any CPU.ActiveCfg = Release|Any CPU
		{7D4C6081-73A0-48C1-B923-CC9596102DE0}.Release|Any CPU.Build.0 = Release|Any CPU
		{7D4C6081-73A0-48C1-B923-CC9596102DE0}.Release|ARM.ActiveCfg = Release|Any CPU
		{7D4C6081-73A0-48C1-B923-CC9596102DE0}.Release|ARM.Build.0 = Release|Any CPU
		{7D4C6081-73A0-48C1-B923-CC9596102DE0}.Release|iPhone.ActiveCfg = Release|Any CPU
		{7D4C6081-73A0-48C1-B923-CC9596102DE0}.Release|iPhone.Build.0 = Release|Any CPU
		{7D4C6081-73A0-48C1-B923-CC9596102DE0}.Release|iPhoneSimulator.ActiveCfg = Release|Any CPU
		{7D4C6081-73A0-48C1-B923-CC9596102DE0}.Release|iPhoneSimulator.Build.0 = Release|Any CPU
		{7D4C6081-73A0-48C1-B923-CC9596102DE0}.Release|x64.ActiveCfg = Release|Any CPU
		{7D4C6081-73A0-48C1-B923-CC9596102DE0}.Release|x64.Build.0 = Release|Any CPU
		{7D4C6081-73A0-48C1-B923-CC9596102DE0}.Release|x86.ActiveCfg = Release|Any CPU
		{7D4C6081-73A0-48C1-B923-CC9596102DE0}.Release|x86.Build.0 = Release|Any CPU
	EndGlobalSection
	GlobalSection(SolutionProperties) = preSolution
		HideSolutionNode = FALSE
	EndGlobalSection
EndGlobal
